
Microsoft Visual Studio Solution File, Format Version 12.00
# Visual Studio 15
VisualStudioVersion = 15.0.27703.2026
MinimumVisualStudioVersion = 10.0.40219.1
Project("{FAE04EC0-301F-11D3-BF4B-00C04F79EFBC}") = "marklist", "marklist\marklist.csproj", "{AE6981FA-D9E3-4D16-95C5-942BD9AC51CA}"
EndProject
Global
	GlobalSection(SolutionConfigurationPlatforms) = preSolution
		Debug|Any CPU = Debug|Any CPU
		Release|Any CPU = Release|Any CPU
	EndGlobalSection
	GlobalSection(ProjectConfigurationPlatforms) = postSolution
		{AE6981FA-D9E3-4D16-95C5-942BD9AC51CA}.Debug|Any CPU.ActiveCfg = Debug|Any CPU
		{AE6981FA-D9E3-4D16-95C5-942BD9AC51CA}.Debug|Any CPU.Build.0 = Debug|Any CPU
		{AE6981FA-D9E3-4D16-95C5-942BD9AC51CA}.Release|Any CPU.ActiveCfg = Release|Any CPU
		{AE6981FA-D9E3-4D16-95C5-942BD9AC51CA}.Release|Any CPU.Build.0 = Release|Any CPU
	EndGlobalSection
	GlobalSection(SolutionProperties) = preSolution
		HideSolutionNode = FALSE
	EndGlobalSection
	GlobalSection(ExtensibilityGlobals) = postSolution
		SolutionGuid = {993F0BF9-AC41-4FAF-B5D3-F7CB229218CB}
	EndGlobalSection
EndGlobal
