
Microsoft Visual Studio Solution File, Format Version 12.00
# Visual Studio 15
VisualStudioVersion = 15.0.27703.2026
MinimumVisualStudioVersion = 10.0.40219.1
Project("{FAE04EC0-301F-11D3-BF4B-00C04F79EFBC}") = "frmuser112", "frmuser112\frmuser112.csproj", "{A5759663-3205-430F-B6AF-9F4D7364255A}"
EndProject
Global
	GlobalSection(SolutionConfigurationPlatforms) = preSolution
		Debug|Any CPU = Debug|Any CPU
		Release|Any CPU = Release|Any CPU
	EndGlobalSection
	GlobalSection(ProjectConfigurationPlatforms) = postSolution
		{A5759663-3205-430F-B6AF-9F4D7364255A}.Debug|Any CPU.ActiveCfg = Debug|Any CPU
		{A5759663-3205-430F-B6AF-9F4D7364255A}.Debug|Any CPU.Build.0 = Debug|Any CPU
		{A5759663-3205-430F-B6AF-9F4D7364255A}.Release|Any CPU.ActiveCfg = Release|Any CPU
		{A5759663-3205-430F-B6AF-9F4D7364255A}.Release|Any CPU.Build.0 = Release|Any CPU
	EndGlobalSection
	GlobalSection(SolutionProperties) = preSolution
		HideSolutionNode = FALSE
	EndGlobalSection
	GlobalSection(ExtensibilityGlobals) = postSolution
		SolutionGuid = {38C21388-7083-4DA7-A9C6-FF3300119FDE}
	EndGlobalSection
EndGlobal
